
Microsoft Visual Studio Solution File, Format Version 12.00
Project("{FAE04EC0-301F-11D3-BF4B-00C04F79EFBC}") = "Coderda", "Coderda\Coderda.csproj", "{8F460F2F-FB6E-4A7B-88BE-8DCA1C44B668}"
EndProject
Global
	GlobalSection(SolutionConfigurationPlatforms) = preSolution
		Debug|Any CPU = Debug|Any CPU
		Release|Any CPU = Release|Any CPU
	EndGlobalSection
	GlobalSection(ProjectConfigurationPlatforms) = postSolution
		{8F460F2F-FB6E-4A7B-88BE-8DCA1C44B668}.Debug|Any CPU.ActiveCfg = Debug|Any CPU
		{8F460F2F-FB6E-4A7B-88BE-8DCA1C44B668}.Debug|Any CPU.Build.0 = Debug|Any CPU
		{8F460F2F-FB6E-4A7B-88BE-8DCA1C44B668}.Release|Any CPU.ActiveCfg = Release|Any CPU
		{8F460F2F-FB6E-4A7B-88BE-8DCA1C44B668}.Release|Any CPU.Build.0 = Release|Any CPU
	EndGlobalSection
EndGlobal
